
Microsoft Visual Studio Solution File, Format Version 12.00
# Visual Studio Version 16
VisualStudioVersion = 16.0.29728.190
MinimumVisualStudioVersion = 10.0.40219.1
Project("{FAE04EC0-301F-11D3-BF4B-00C04F79EFBC}") = "BoardF", "BoardF\BoardF.csproj", "{3B2D99A9-AA9F-4B08-A235-AC21A3F8FB6E}"
EndProject
Project("{FAE04EC0-301F-11D3-BF4B-00C04F79EFBC}") = "BoardFTests", "BoardFTests\BoardFTests.csproj", "{28B320AD-E5D7-48E4-9912-E92BB6BBFB19}"
EndProject
Project("{FAE04EC0-301F-11D3-BF4B-00C04F79EFBC}") = "WindowGame15", "WindowGame15\WindowGame15.csproj", "{F10654D0-D010-45ED-8EFE-D3BC69A9649A}"
EndProject
Global
	GlobalSection(SolutionConfigurationPlatforms) = preSolution
		Debug|Any CPU = Debug|Any CPU
		Release|Any CPU = Release|Any CPU
	EndGlobalSection
	GlobalSection(ProjectConfigurationPlatforms) = postSolution
		{3B2D99A9-AA9F-4B08-A235-AC21A3F8FB6E}.Debug|Any CPU.ActiveCfg = Debug|Any CPU
		{3B2D99A9-AA9F-4B08-A235-AC21A3F8FB6E}.Debug|Any CPU.Build.0 = Debug|Any CPU
		{3B2D99A9-AA9F-4B08-A235-AC21A3F8FB6E}.Release|Any CPU.ActiveCfg = Release|Any CPU
		{3B2D99A9-AA9F-4B08-A235-AC21A3F8FB6E}.Release|Any CPU.Build.0 = Release|Any CPU
		{28B320AD-E5D7-48E4-9912-E92BB6BBFB19}.Debug|Any CPU.ActiveCfg = Debug|Any CPU
		{28B320AD-E5D7-48E4-9912-E92BB6BBFB19}.Debug|Any CPU.Build.0 = Debug|Any CPU
		{28B320AD-E5D7-48E4-9912-E92BB6BBFB19}.Release|Any CPU.ActiveCfg = Release|Any CPU
		{28B320AD-E5D7-48E4-9912-E92BB6BBFB19}.Release|Any CPU.Build.0 = Release|Any CPU
		{F10654D0-D010-45ED-8EFE-D3BC69A9649A}.Debug|Any CPU.ActiveCfg = Debug|Any CPU
		{F10654D0-D010-45ED-8EFE-D3BC69A9649A}.Debug|Any CPU.Build.0 = Debug|Any CPU
		{F10654D0-D010-45ED-8EFE-D3BC69A9649A}.Release|Any CPU.ActiveCfg = Release|Any CPU
		{F10654D0-D010-45ED-8EFE-D3BC69A9649A}.Release|Any CPU.Build.0 = Release|Any CPU
	EndGlobalSection
	GlobalSection(SolutionProperties) = preSolution
		HideSolutionNode = FALSE
	EndGlobalSection
	GlobalSection(ExtensibilityGlobals) = postSolution
		SolutionGuid = {EC4ACF32-415F-48CE-8E99-2F159975D283}
	EndGlobalSection
EndGlobal
